// !$*UTF8*$!
{
	archiveVersion = 1;
	classes = {
	};
	objectVersion = 46;
	objects = {

/* Begin PBXBuildFile section */
		562413681EE3E08400CE4FF5 /* AppDelegate.swift in Sources */ = {isa = PBXBuildFile; fileRef = 562413671EE3E08400CE4FF5 /* AppDelegate.swift */; };
		5624136D1EE3E08400CE4FF5 /* Main.storyboard in Resources */ = {isa = PBXBuildFile; fileRef = 5624136B1EE3E08400CE4FF5 /* Main.storyboard */; };
		5624136F1EE3E08400CE4FF5 /* Assets.xcassets in Resources */ = {isa = PBXBuildFile; fileRef = 5624136E1EE3E08400CE4FF5 /* Assets.xcassets */; };
		562413721EE3E08400CE4FF5 /* LaunchScreen.storyboard in Resources */ = {isa = PBXBuildFile; fileRef = 562413701EE3E08400CE4FF5 /* LaunchScreen.storyboard */; };
		5624137D1EE3E08400CE4FF5 /* FlickrSearchTests.swift in Sources */ = {isa = PBXBuildFile; fileRef = 5624137C1EE3E08400CE4FF5 /* FlickrSearchTests.swift */; };
		562413881EE3E08400CE4FF5 /* FlickrSearchUITests.swift in Sources */ = {isa = PBXBuildFile; fileRef = 562413871EE3E08400CE4FF5 /* FlickrSearchUITests.swift */; };
		5624139D1EE3E2A700CE4FF5 /* FlickrSearchViewController.swift in Sources */ = {isa = PBXBuildFile; fileRef = 5624139C1EE3E2A700CE4FF5 /* FlickrSearchViewController.swift */; };
		562413A41EE3E39700CE4FF5 /* FlickrSearchPresenter.swift in Sources */ = {isa = PBXBuildFile; fileRef = 562413A31EE3E39700CE4FF5 /* FlickrSearchPresenter.swift */; };
		562413A61EE3E3DB00CE4FF5 /* FlickrSearchInteractor.swift in Sources */ = {isa = PBXBuildFile; fileRef = 562413A51EE3E3DB00CE4FF5 /* FlickrSearchInteractor.swift */; };
		562413A81EE3E3F900CE4FF5 /* FlickrSearchRouter.swift in Sources */ = {isa = PBXBuildFile; fileRef = 562413A71EE3E3F900CE4FF5 /* FlickrSearchRouter.swift */; };
		562413AB1EE3E4D100CE4FF5 /* FlickrSearchBuilder.swift in Sources */ = {isa = PBXBuildFile; fileRef = 562413AA1EE3E4D100CE4FF5 /* FlickrSearchBuilder.swift */; };
		562413AD1EE3F3AE00CE4FF5 /* FlickrSearchPresentation.swift in Sources */ = {isa = PBXBuildFile; fileRef = 562413AC1EE3F3AE00CE4FF5 /* FlickrSearchPresentation.swift */; };
		562413AF1EE3F43000CE4FF5 /* FlickrSearchView.swift in Sources */ = {isa = PBXBuildFile; fileRef = 562413AE1EE3F43000CE4FF5 /* FlickrSearchView.swift */; };
		562413B11EE3F47000CE4FF5 /* FlickrSearchInteractorOutput.swift in Sources */ = {isa = PBXBuildFile; fileRef = 562413B01EE3F47000CE4FF5 /* FlickrSearchInteractorOutput.swift */; };
		562413B31EE3F4AD00CE4FF5 /* FlickrSearchWireframe.swift in Sources */ = {isa = PBXBuildFile; fileRef = 562413B21EE3F4AD00CE4FF5 /* FlickrSearchWireframe.swift */; };
		562413B51EE3F98400CE4FF5 /* RootRouter.swift in Sources */ = {isa = PBXBuildFile; fileRef = 562413B41EE3F98400CE4FF5 /* RootRouter.swift */; };
		562413B81EE4019000CE4FF5 /* Networking.swift in Sources */ = {isa = PBXBuildFile; fileRef = 562413B71EE4019000CE4FF5 /* Networking.swift */; };
		562413BA1EE401D700CE4FF5 /* FlickSearchAPI.swift in Sources */ = {isa = PBXBuildFile; fileRef = 562413B91EE401D700CE4FF5 /* FlickSearchAPI.swift */; };
		5640250C1EE8829800938CFE /* SearchResultsBuilder.swift in Sources */ = {isa = PBXBuildFile; fileRef = 5640250B1EE8829800938CFE /* SearchResultsBuilder.swift */; };
		5640250E1EE882C100938CFE /* SearchResultsRouter.swift in Sources */ = {isa = PBXBuildFile; fileRef = 5640250D1EE882C100938CFE /* SearchResultsRouter.swift */; };
		564025101EE882E400938CFE /* SearchResultsInteractor.swift in Sources */ = {isa = PBXBuildFile; fileRef = 5640250F1EE882E400938CFE /* SearchResultsInteractor.swift */; };
		564025121EE8830300938CFE /* SearchResultsPresenter.swift in Sources */ = {isa = PBXBuildFile; fileRef = 564025111EE8830300938CFE /* SearchResultsPresenter.swift */; };
		564025141EE8833900938CFE /* SearchResultsViewController.swift in Sources */ = {isa = PBXBuildFile; fileRef = 564025131EE8833900938CFE /* SearchResultsViewController.swift */; };
		564F91D91EE91D1E007C3A7B /* CustomFooterView.swift in Sources */ = {isa = PBXBuildFile; fileRef = 564F91D81EE91D1E007C3A7B /* CustomFooterView.swift */; };
		564F91DC1EE943AB007C3A7B /* UGDefaults.swift in Sources */ = {isa = PBXBuildFile; fileRef = 564F91DB1EE943AB007C3A7B /* UGDefaults.swift */; };
		564F91DE1EE9440C007C3A7B /* Constants.swift in Sources */ = {isa = PBXBuildFile; fileRef = 564F91DD1EE9440C007C3A7B /* Constants.swift */; };
		564F91E11EE9523F007C3A7B /* UIImage+Extension.swift in Sources */ = {isa = PBXBuildFile; fileRef = 564F91E01EE9523F007C3A7B /* UIImage+Extension.swift */; };
		56A1BD8F1EE4815F003FE54C /* FlickrPhoto.swift in Sources */ = {isa = PBXBuildFile; fileRef = 56A1BD8E1EE4815F003FE54C /* FlickrPhoto.swift */; };
		56A1BD951EE58957003FE54C /* FlickrImageCell.swift in Sources */ = {isa = PBXBuildFile; fileRef = 56A1BD941EE58957003FE54C /* FlickrImageCell.swift */; };
		71896D663DA06B21CE80F100 /* Pods_FlickrSearchUITests.framework in Frameworks */ = {isa = PBXBuildFile; fileRef = 3A434E24A407748E928E1BF7 /* Pods_FlickrSearchUITests.framework */; };
		C16366F7DB7911FFB60438B8 /* Pods_FlickrSearch.framework in Frameworks */ = {isa = PBXBuildFile; fileRef = 6CCFF1FDCFF5DAFAC4B217A3 /* Pods_FlickrSearch.framework */; };
		FF5C39FEA0CB6B38F2B543C5 /* Pods_FlickrSearchTests.framework in Frameworks */ = {isa = PBXBuildFile; fileRef = F0026C07E5618EFBD9005953 /* Pods_FlickrSearchTests.framework */; };
/* End PBXBuildFile section */

/* Begin PBXContainerItemProxy section */
		562413791EE3E08400CE4FF5 /* PBXContainerItemProxy */ = {
			isa = PBXContainerItemProxy;
			containerPortal = 5624135C1EE3E08400CE4FF5 /* Project object */;
			proxyType = 1;
			remoteGlobalIDString = 562413631EE3E08400CE4FF5;
			remoteInfo = FlickrSearch;
		};
		562413841EE3E08400CE4FF5 /* PBXContainerItemProxy */ = {
			isa = PBXContainerItemProxy;
			containerPortal = 5624135C1EE3E08400CE4FF5 /* Project object */;
			proxyType = 1;
			remoteGlobalIDString = 562413631EE3E08400CE4FF5;
			remoteInfo = FlickrSearch;
		};
/* End PBXContainerItemProxy section */

/* Begin PBXFileReference section */
		2F826A27F56A2AB03149EECC /* Pods-FlickrSearchUITests.debug.xcconfig */ = {isa = PBXFileReference; includeInIndex = 1; lastKnownFileType = text.xcconfig; name = "Pods-FlickrSearchUITests.debug.xcconfig"; path = "Pods/Target Support Files/Pods-FlickrSearchUITests/Pods-FlickrSearchUITests.debug.xcconfig"; sourceTree = "<group>"; };
		398468F8F332F1B077711C35 /* Pods-FlickrSearchTests.debug.xcconfig */ = {isa = PBXFileReference; includeInIndex = 1; lastKnownFileType = text.xcconfig; name = "Pods-FlickrSearchTests.debug.xcconfig"; path = "Pods/Target Support Files/Pods-FlickrSearchTests/Pods-FlickrSearchTests.debug.xcconfig"; sourceTree = "<group>"; };
		3A434E24A407748E928E1BF7 /* Pods_FlickrSearchUITests.framework */ = {isa = PBXFileReference; explicitFileType = wrapper.framework; includeInIndex = 0; path = Pods_FlickrSearchUITests.framework; sourceTree = BUILT_PRODUCTS_DIR; };
		562413641EE3E08400CE4FF5 /* FlickrSearch.app */ = {isa = PBXFileReference; explicitFileType = wrapper.application; includeInIndex = 0; path = FlickrSearch.app; sourceTree = BUILT_PRODUCTS_DIR; };
		562413671EE3E08400CE4FF5 /* AppDelegate.swift */ = {isa = PBXFileReference; lastKnownFileType = sourcecode.swift; path = AppDelegate.swift; sourceTree = "<group>"; };
		5624136C1EE3E08400CE4FF5 /* Base */ = {isa = PBXFileReference; lastKnownFileType = file.storyboard; name = Base; path = Base.lproj/Main.storyboard; sourceTree = "<group>"; };
		5624136E1EE3E08400CE4FF5 /* Assets.xcassets */ = {isa = PBXFileReference; lastKnownFileType = folder.assetcatalog; path = Assets.xcassets; sourceTree = "<group>"; };
		562413711EE3E08400CE4FF5 /* Base */ = {isa = PBXFileReference; lastKnownFileType = file.storyboard; name = Base; path = Base.lproj/LaunchScreen.storyboard; sourceTree = "<group>"; };
		562413731EE3E08400CE4FF5 /* Info.plist */ = {isa = PBXFileReference; lastKnownFileType = text.plist.xml; path = Info.plist; sourceTree = "<group>"; };
		562413781EE3E08400CE4FF5 /* FlickrSearchTests.xctest */ = {isa = PBXFileReference; explicitFileType = wrapper.cfbundle; includeInIndex = 0; path = FlickrSearchTests.xctest; sourceTree = BUILT_PRODUCTS_DIR; };
		5624137C1EE3E08400CE4FF5 /* FlickrSearchTests.swift */ = {isa = PBXFileReference; lastKnownFileType = sourcecode.swift; path = FlickrSearchTests.swift; sourceTree = "<group>"; };
		5624137E1EE3E08400CE4FF5 /* Info.plist */ = {isa = PBXFileReference; lastKnownFileType = text.plist.xml; path = Info.plist; sourceTree = "<group>"; };
		562413831EE3E08400CE4FF5 /* FlickrSearchUITests.xctest */ = {isa = PBXFileReference; explicitFileType = wrapper.cfbundle; includeInIndex = 0; path = FlickrSearchUITests.xctest; sourceTree = BUILT_PRODUCTS_DIR; };
		562413871EE3E08400CE4FF5 /* FlickrSearchUITests.swift */ = {isa = PBXFileReference; lastKnownFileType = sourcecode.swift; path = FlickrSearchUITests.swift; sourceTree = "<group>"; };
		562413891EE3E08400CE4FF5 /* Info.plist */ = {isa = PBXFileReference; lastKnownFileType = text.plist.xml; path = Info.plist; sourceTree = "<group>"; };
		5624139C1EE3E2A700CE4FF5 /* FlickrSearchViewController.swift */ = {isa = PBXFileReference; fileEncoding = 4; lastKnownFileType = sourcecode.swift; name = FlickrSearchViewController.swift; path = Modules/FlickrSearch/View/FlickrSearchViewController.swift; sourceTree = "<group>"; };
		562413A31EE3E39700CE4FF5 /* FlickrSearchPresenter.swift */ = {isa = PBXFileReference; fileEncoding = 4; lastKnownFileType = sourcecode.swift; name = FlickrSearchPresenter.swift; path = Modules/FlickrSearch/Presenter/FlickrSearchPresenter.swift; sourceTree = "<group>"; };
		562413A51EE3E3DB00CE4FF5 /* FlickrSearchInteractor.swift */ = {isa = PBXFileReference; fileEncoding = 4; lastKnownFileType = sourcecode.swift; name = FlickrSearchInteractor.swift; path = Modules/FlickrSearch/Interactor/FlickrSearchInteractor.swift; sourceTree = "<group>"; };
		562413A71EE3E3F900CE4FF5 /* FlickrSearchRouter.swift */ = {isa = PBXFileReference; fileEncoding = 4; lastKnownFileType = sourcecode.swift; name = FlickrSearchRouter.swift; path = Modules/FlickrSearch/Router/FlickrSearchRouter.swift; sourceTree = "<group>"; };
		562413AA1EE3E4D100CE4FF5 /* FlickrSearchBuilder.swift */ = {isa = PBXFileReference; fileEncoding = 4; lastKnownFileType = sourcecode.swift; name = FlickrSearchBuilder.swift; path = Modules/FlickrSearch/Builder/FlickrSearchBuilder.swift; sourceTree = "<group>"; };
		562413AC1EE3F3AE00CE4FF5 /* FlickrSearchPresentation.swift */ = {isa = PBXFileReference; fileEncoding = 4; lastKnownFileType = sourcecode.swift; name = FlickrSearchPresentation.swift; path = Modules/FlickrSearch/Presenter/FlickrSearchPresentation.swift; sourceTree = "<group>"; };
		562413AE1EE3F43000CE4FF5 /* FlickrSearchView.swift */ = {isa = PBXFileReference; fileEncoding = 4; lastKnownFileType = sourcecode.swift; name = FlickrSearchView.swift; path = Modules/FlickrSearch/View/FlickrSearchView.swift; sourceTree = "<group>"; };
		562413B01EE3F47000CE4FF5 /* FlickrSearchInteractorOutput.swift */ = {isa = PBXFileReference; fileEncoding = 4; lastKnownFileType = sourcecode.swift; name = FlickrSearchInteractorOutput.swift; path = Modules/FlickrSearch/Interactor/FlickrSearchInteractorOutput.swift; sourceTree = "<group>"; };
		562413B21EE3F4AD00CE4FF5 /* FlickrSearchWireframe.swift */ = {isa = PBXFileReference; fileEncoding = 4; lastKnownFileType = sourcecode.swift; name = FlickrSearchWireframe.swift; path = Modules/FlickrSearch/Router/FlickrSearchWireframe.swift; sourceTree = "<group>"; };
		562413B41EE3F98400CE4FF5 /* RootRouter.swift */ = {isa = PBXFileReference; fileEncoding = 4; lastKnownFileType = sourcecode.swift; name = RootRouter.swift; path = Application/RootRouter.swift; sourceTree = "<group>"; };
		562413B71EE4019000CE4FF5 /* Networking.swift */ = {isa = PBXFileReference; fileEncoding = 4; lastKnownFileType = sourcecode.swift; name = Networking.swift; path = Networking/Networking.swift; sourceTree = "<group>"; };
		562413B91EE401D700CE4FF5 /* FlickSearchAPI.swift */ = {isa = PBXFileReference; fileEncoding = 4; lastKnownFileType = sourcecode.swift; name = FlickSearchAPI.swift; path = Networking/FlickSearchAPI.swift; sourceTree = "<group>"; };
		5640250B1EE8829800938CFE /* SearchResultsBuilder.swift */ = {isa = PBXFileReference; fileEncoding = 4; lastKnownFileType = sourcecode.swift; name = SearchResultsBuilder.swift; path = Modules/SearchResults/Builder/SearchResultsBuilder.swift; sourceTree = "<group>"; };
		5640250D1EE882C100938CFE /* SearchResultsRouter.swift */ = {isa = PBXFileReference; fileEncoding = 4; lastKnownFileType = sourcecode.swift; name = SearchResultsRouter.swift; path = Modules/SearchResults/Router/SearchResultsRouter.swift; sourceTree = "<group>"; };
		5640250F1EE882E400938CFE /* SearchResultsInteractor.swift */ = {isa = PBXFileReference; fileEncoding = 4; lastKnownFileType = sourcecode.swift; name = SearchResultsInteractor.swift; path = Modules/SearchResults/Interactor/SearchResultsInteractor.swift; sourceTree = "<group>"; };
		564025111EE8830300938CFE /* SearchResultsPresenter.swift */ = {isa = PBXFileReference; fileEncoding = 4; lastKnownFileType = sourcecode.swift; name = SearchResultsPresenter.swift; path = Modules/SearchResults/Presenter/SearchResultsPresenter.swift; sourceTree = "<group>"; };
		564025131EE8833900938CFE /* SearchResultsViewController.swift */ = {isa = PBXFileReference; fileEncoding = 4; lastKnownFileType = sourcecode.swift; name = SearchResultsViewController.swift; path = Modules/SearchResults/View/SearchResultsViewController.swift; sourceTree = "<group>"; };
		564F91D81EE91D1E007C3A7B /* CustomFooterView.swift */ = {isa = PBXFileReference; fileEncoding = 4; lastKnownFileType = sourcecode.swift; name = CustomFooterView.swift; path = Modules/FlickrSearch/View/CustomFooterView.swift; sourceTree = "<group>"; };
		564F91DB1EE943AB007C3A7B /* UGDefaults.swift */ = {isa = PBXFileReference; fileEncoding = 4; lastKnownFileType = sourcecode.swift; name = UGDefaults.swift; path = Util/UGDefaults.swift; sourceTree = "<group>"; };
		564F91DD1EE9440C007C3A7B /* Constants.swift */ = {isa = PBXFileReference; fileEncoding = 4; lastKnownFileType = sourcecode.swift; name = Constants.swift; path = Util/Constants.swift; sourceTree = "<group>"; };
		564F91E01EE9523F007C3A7B /* UIImage+Extension.swift */ = {isa = PBXFileReference; fileEncoding = 4; lastKnownFileType = sourcecode.swift; name = "UIImage+Extension.swift"; path = "Extension/UIImage+Extension.swift"; sourceTree = "<group>"; };
		56A1BD8E1EE4815F003FE54C /* FlickrPhoto.swift */ = {isa = PBXFileReference; fileEncoding = 4; lastKnownFileType = sourcecode.swift; name = FlickrPhoto.swift; path = Model/FlickrPhoto.swift; sourceTree = "<group>"; };
		56A1BD941EE58957003FE54C /* FlickrImageCell.swift */ = {isa = PBXFileReference; fileEncoding = 4; lastKnownFileType = sourcecode.swift; name = FlickrImageCell.swift; path = Modules/FlickrSearch/View/FlickrImageCell.swift; sourceTree = "<group>"; };
		6CCFF1FDCFF5DAFAC4B217A3 /* Pods_FlickrSearch.framework */ = {isa = PBXFileReference; explicitFileType = wrapper.framework; includeInIndex = 0; path = Pods_FlickrSearch.framework; sourceTree = BUILT_PRODUCTS_DIR; };
		785E61647E3A5ACF2E2A0DB3 /* Pods-FlickrSearch.debug.xcconfig */ = {isa = PBXFileReference; includeInIndex = 1; lastKnownFileType = text.xcconfig; name = "Pods-FlickrSearch.debug.xcconfig"; path = "Pods/Target Support Files/Pods-FlickrSearch/Pods-FlickrSearch.debug.xcconfig"; sourceTree = "<group>"; };
		9EAE4D9E77B9DCBEF1BB9737 /* Pods-FlickrSearchUITests.release.xcconfig */ = {isa = PBXFileReference; includeInIndex = 1; lastKnownFileType = text.xcconfig; name = "Pods-FlickrSearchUITests.release.xcconfig"; path = "Pods/Target Support Files/Pods-FlickrSearchUITests/Pods-FlickrSearchUITests.release.xcconfig"; sourceTree = "<group>"; };
		A2F03AC224FCA0638A3D7B6C /* Pods-FlickrSearch.release.xcconfig */ = {isa = PBXFileReference; includeInIndex = 1; lastKnownFileType = text.xcconfig; name = "Pods-FlickrSearch.release.xcconfig"; path = "Pods/Target Support Files/Pods-FlickrSearch/Pods-FlickrSearch.release.xcconfig"; sourceTree = "<group>"; };
		F0026C07E5618EFBD9005953 /* Pods_FlickrSearchTests.framework */ = {isa = PBXFileReference; explicitFileType = wrapper.framework; includeInIndex = 0; path = Pods_FlickrSearchTests.framework; sourceTree = BUILT_PRODUCTS_DIR; };
		FEB805C72C29FE6B10B4EEBC /* Pods-FlickrSearchTests.release.xcconfig */ = {isa = PBXFileReference; includeInIndex = 1; lastKnownFileType = text.xcconfig; name = "Pods-FlickrSearchTests.release.xcconfig"; path = "Pods/Target Support Files/Pods-FlickrSearchTests/Pods-FlickrSearchTests.release.xcconfig"; sourceTree = "<group>"; };
/* End PBXFileReference section */

/* Begin PBXFrameworksBuildPhase section */
		562413611EE3E08400CE4FF5 /* Frameworks */ = {
			isa = PBXFrameworksBuildPhase;
			buildActionMask = 2147483647;
			files = (
				C16366F7DB7911FFB60438B8 /* Pods_FlickrSearch.framework in Frameworks */,
			);
			runOnlyForDeploymentPostprocessing = 0;
		};
		562413751EE3E08400CE4FF5 /* Frameworks */ = {
			isa = PBXFrameworksBuildPhase;
			buildActionMask = 2147483647;
			files = (
				FF5C39FEA0CB6B38F2B543C5 /* Pods_FlickrSearchTests.framework in Frameworks */,
			);
			runOnlyForDeploymentPostprocessing = 0;
		};
		562413801EE3E08400CE4FF5 /* Frameworks */ = {
			isa = PBXFrameworksBuildPhase;
			buildActionMask = 2147483647;
			files = (
				71896D663DA06B21CE80F100 /* Pods_FlickrSearchUITests.framework in Frameworks */,
			);
			runOnlyForDeploymentPostprocessing = 0;
		};
/* End PBXFrameworksBuildPhase section */

/* Begin PBXGroup section */
		5624135B1EE3E08400CE4FF5 = {
			isa = PBXGroup;
			children = (
				562413661EE3E08400CE4FF5 /* FlickrSearch */,
				5624137B1EE3E08400CE4FF5 /* FlickrSearchTests */,
				562413861EE3E08400CE4FF5 /* FlickrSearchUITests */,
				562413651EE3E08400CE4FF5 /* Products */,
				F5AE628D038AC07ACF732B8A /* Pods */,
				6FCBD2093BC860EECECAFEFE /* Frameworks */,
			);
			sourceTree = "<group>";
		};
		562413651EE3E08400CE4FF5 /* Products */ = {
			isa = PBXGroup;
			children = (
				562413641EE3E08400CE4FF5 /* FlickrSearch.app */,
				562413781EE3E08400CE4FF5 /* FlickrSearchTests.xctest */,
				562413831EE3E08400CE4FF5 /* FlickrSearchUITests.xctest */,
			);
			name = Products;
			sourceTree = "<group>";
		};
		562413661EE3E08400CE4FF5 /* FlickrSearch */ = {
			isa = PBXGroup;
			children = (
				564F91DF1EE95222007C3A7B /* Extensions */,
				564F91DA1EE94372007C3A7B /* Util */,
				56A1BD8D1EE4812D003FE54C /* Model */,
				562413961EE3E18900CE4FF5 /* Application */,
				562413951EE3E17C00CE4FF5 /* Modules */,
				562413B61EE4017200CE4FF5 /* Networking */,
				562413971EE3E19C00CE4FF5 /* Supporting Files */,
			);
			path = FlickrSearch;
			sourceTree = "<group>";
		};
		5624137B1EE3E08400CE4FF5 /* FlickrSearchTests */ = {
			isa = PBXGroup;
			children = (
				5624137C1EE3E08400CE4FF5 /* FlickrSearchTests.swift */,
				5624137E1EE3E08400CE4FF5 /* Info.plist */,
			);
			path = FlickrSearchTests;
			sourceTree = "<group>";
		};
		562413861EE3E08400CE4FF5 /* FlickrSearchUITests */ = {
			isa = PBXGroup;
			children = (
				562413871EE3E08400CE4FF5 /* FlickrSearchUITests.swift */,
				562413891EE3E08400CE4FF5 /* Info.plist */,
			);
			path = FlickrSearchUITests;
			sourceTree = "<group>";
		};
		562413951EE3E17C00CE4FF5 /* Modules */ = {
			isa = PBXGroup;
			children = (
				562413A21EE3E34700CE4FF5 /* FlickrSearch */,
				564025051EE8822300938CFE /* SearchResults */,
			);
			name = Modules;
			sourceTree = "<group>";
		};
		562413961EE3E18900CE4FF5 /* Application */ = {
			isa = PBXGroup;
			children = (
				562413671EE3E08400CE4FF5 /* AppDelegate.swift */,
				5624136B1EE3E08400CE4FF5 /* Main.storyboard */,
				562413B41EE3F98400CE4FF5 /* RootRouter.swift */,
			);
			name = Application;
			sourceTree = "<group>";
		};
		562413971EE3E19C00CE4FF5 /* Supporting Files */ = {
			isa = PBXGroup;
			children = (
				5624136E1EE3E08400CE4FF5 /* Assets.xcassets */,
				562413701EE3E08400CE4FF5 /* LaunchScreen.storyboard */,
				562413731EE3E08400CE4FF5 /* Info.plist */,
			);
			name = "Supporting Files";
			sourceTree = "<group>";
		};
		5624139E1EE3E32500CE4FF5 /* View */ = {
			isa = PBXGroup;
			children = (
				56A1BD931EE58935003FE54C /* UICollectionViewCell */,
				5624139C1EE3E2A700CE4FF5 /* FlickrSearchViewController.swift */,
				562413AE1EE3F43000CE4FF5 /* FlickrSearchView.swift */,
			);
			name = View;
			sourceTree = "<group>";
		};
		5624139F1EE3E33000CE4FF5 /* Presenter */ = {
			isa = PBXGroup;
			children = (
				562413A31EE3E39700CE4FF5 /* FlickrSearchPresenter.swift */,
				562413AC1EE3F3AE00CE4FF5 /* FlickrSearchPresentation.swift */,
			);
			name = Presenter;
			sourceTree = "<group>";
		};
		562413A01EE3E33900CE4FF5 /* Interactor */ = {
			isa = PBXGroup;
			children = (
				562413A51EE3E3DB00CE4FF5 /* FlickrSearchInteractor.swift */,
				562413B01EE3F47000CE4FF5 /* FlickrSearchInteractorOutput.swift */,
			);
			name = Interactor;
			sourceTree = "<group>";
		};
		562413A11EE3E34000CE4FF5 /* Router */ = {
			isa = PBXGroup;
			children = (
				562413A71EE3E3F900CE4FF5 /* FlickrSearchRouter.swift */,
				562413B21EE3F4AD00CE4FF5 /* FlickrSearchWireframe.swift */,
			);
			name = Router;
			sourceTree = "<group>";
		};
		562413A21EE3E34700CE4FF5 /* FlickrSearch */ = {
			isa = PBXGroup;
			children = (
				562413A91EE3E49900CE4FF5 /* Builder */,
				562413A11EE3E34000CE4FF5 /* Router */,
				562413A01EE3E33900CE4FF5 /* Interactor */,
				5624139F1EE3E33000CE4FF5 /* Presenter */,
				5624139E1EE3E32500CE4FF5 /* View */,
			);
			name = FlickrSearch;
			sourceTree = "<group>";
		};
		562413A91EE3E49900CE4FF5 /* Builder */ = {
			isa = PBXGroup;
			children = (
				562413AA1EE3E4D100CE4FF5 /* FlickrSearchBuilder.swift */,
			);
			name = Builder;
			sourceTree = "<group>";
		};
		562413B61EE4017200CE4FF5 /* Networking */ = {
			isa = PBXGroup;
			children = (
				562413B71EE4019000CE4FF5 /* Networking.swift */,
				562413B91EE401D700CE4FF5 /* FlickSearchAPI.swift */,
			);
			name = Networking;
			sourceTree = "<group>";
		};
		564025051EE8822300938CFE /* SearchResults */ = {
			isa = PBXGroup;
			children = (
				564025091EE8824900938CFE /* Builder */,
				5640250A1EE8824F00938CFE /* Router */,
				564025081EE8824100938CFE /* Interactor */,
				564025071EE8823A00938CFE /* Presenter */,
				564025061EE8823400938CFE /* View */,
			);
			name = SearchResults;
			sourceTree = "<group>";
		};
		564025061EE8823400938CFE /* View */ = {
			isa = PBXGroup;
			children = (
				564025131EE8833900938CFE /* SearchResultsViewController.swift */,
			);
			name = View;
			sourceTree = "<group>";
		};
		564025071EE8823A00938CFE /* Presenter */ = {
			isa = PBXGroup;
			children = (
				564025111EE8830300938CFE /* SearchResultsPresenter.swift */,
			);
			name = Presenter;
			sourceTree = "<group>";
		};
		564025081EE8824100938CFE /* Interactor */ = {
			isa = PBXGroup;
			children = (
				5640250F1EE882E400938CFE /* SearchResultsInteractor.swift */,
			);
			name = Interactor;
			sourceTree = "<group>";
		};
		564025091EE8824900938CFE /* Builder */ = {
			isa = PBXGroup;
			children = (
				5640250B1EE8829800938CFE /* SearchResultsBuilder.swift */,
			);
			name = Builder;
			sourceTree = "<group>";
		};
		5640250A1EE8824F00938CFE /* Router */ = {
			isa = PBXGroup;
			children = (
				5640250D1EE882C100938CFE /* SearchResultsRouter.swift */,
			);
			name = Router;
			sourceTree = "<group>";
		};
		564F91DA1EE94372007C3A7B /* Util */ = {
			isa = PBXGroup;
			children = (
				564F91DB1EE943AB007C3A7B /* UGDefaults.swift */,
				564F91DD1EE9440C007C3A7B /* Constants.swift */,
			);
			name = Util;
			sourceTree = "<group>";
		};
		564F91DF1EE95222007C3A7B /* Extensions */ = {
			isa = PBXGroup;
			children = (
				564F91E01EE9523F007C3A7B /* UIImage+Extension.swift */,
			);
			name = Extensions;
			sourceTree = "<group>";
		};
		56A1BD8D1EE4812D003FE54C /* Model */ = {
			isa = PBXGroup;
			children = (
				56A1BD8E1EE4815F003FE54C /* FlickrPhoto.swift */,
			);
			name = Model;
			sourceTree = "<group>";
		};
		56A1BD931EE58935003FE54C /* UICollectionViewCell */ = {
			isa = PBXGroup;
			children = (
				56A1BD941EE58957003FE54C /* FlickrImageCell.swift */,
				564F91D81EE91D1E007C3A7B /* CustomFooterView.swift */,
			);
			name = UICollectionViewCell;
			sourceTree = "<group>";
		};
		6FCBD2093BC860EECECAFEFE /* Frameworks */ = {
			isa = PBXGroup;
			children = (
				6CCFF1FDCFF5DAFAC4B217A3 /* Pods_FlickrSearch.framework */,
				F0026C07E5618EFBD9005953 /* Pods_FlickrSearchTests.framework */,
				3A434E24A407748E928E1BF7 /* Pods_FlickrSearchUITests.framework */,
			);
			name = Frameworks;
			sourceTree = "<group>";
		};
		F5AE628D038AC07ACF732B8A /* Pods */ = {
			isa = PBXGroup;
			children = (
				785E61647E3A5ACF2E2A0DB3 /* Pods-FlickrSearch.debug.xcconfig */,
				A2F03AC224FCA0638A3D7B6C /* Pods-FlickrSearch.release.xcconfig */,
				398468F8F332F1B077711C35 /* Pods-FlickrSearchTests.debug.xcconfig */,
				FEB805C72C29FE6B10B4EEBC /* Pods-FlickrSearchTests.release.xcconfig */,
				2F826A27F56A2AB03149EECC /* Pods-FlickrSearchUITests.debug.xcconfig */,
				9EAE4D9E77B9DCBEF1BB9737 /* Pods-FlickrSearchUITests.release.xcconfig */,
			);
			name = Pods;
			sourceTree = "<group>";
		};
/* End PBXGroup section */

/* Begin PBXNativeTarget section */
		562413631EE3E08400CE4FF5 /* FlickrSearch */ = {
			isa = PBXNativeTarget;
			buildConfigurationList = 5624138C1EE3E08400CE4FF5 /* Build configuration list for PBXNativeTarget "FlickrSearch" */;
			buildPhases = (
				3F4F1288354F65CFDDFC283B /* [CP] Check Pods Manifest.lock */,
				562413601EE3E08400CE4FF5 /* Sources */,
				562413611EE3E08400CE4FF5 /* Frameworks */,
				562413621EE3E08400CE4FF5 /* Resources */,
				713483BA7403B679D49AA1AA /* [CP] Embed Pods Frameworks */,
				66426148BEDF3419D534466C /* [CP] Copy Pods Resources */,
			);
			buildRules = (
			);
			dependencies = (
			);
			name = FlickrSearch;
			productName = FlickrSearch;
			productReference = 562413641EE3E08400CE4FF5 /* FlickrSearch.app */;
			productType = "com.apple.product-type.application";
		};
		562413771EE3E08400CE4FF5 /* FlickrSearchTests */ = {
			isa = PBXNativeTarget;
			buildConfigurationList = 5624138F1EE3E08400CE4FF5 /* Build configuration list for PBXNativeTarget "FlickrSearchTests" */;
			buildPhases = (
				654C1484E69ABE7DE4ACBE06 /* [CP] Check Pods Manifest.lock */,
				562413741EE3E08400CE4FF5 /* Sources */,
				562413751EE3E08400CE4FF5 /* Frameworks */,
				562413761EE3E08400CE4FF5 /* Resources */,
				CA812BAC7ABEA74659D0FC60 /* [CP] Embed Pods Frameworks */,
				A3A2CB6B5DFC7434EDD67E16 /* [CP] Copy Pods Resources */,
			);
			buildRules = (
			);
			dependencies = (
				5624137A1EE3E08400CE4FF5 /* PBXTargetDependency */,
			);
			name = FlickrSearchTests;
			productName = FlickrSearchTests;
			productReference = 562413781EE3E08400CE4FF5 /* FlickrSearchTests.xctest */;
			productType = "com.apple.product-type.bundle.unit-test";
		};
		562413821EE3E08400CE4FF5 /* FlickrSearchUITests */ = {
			isa = PBXNativeTarget;
			buildConfigurationList = 562413921EE3E08400CE4FF5 /* Build configuration list for PBXNativeTarget "FlickrSearchUITests" */;
			buildPhases = (
				CB77E86AB087A59D8AC8CB3F /* [CP] Check Pods Manifest.lock */,
				5624137F1EE3E08400CE4FF5 /* Sources */,
				562413801EE3E08400CE4FF5 /* Frameworks */,
				562413811EE3E08400CE4FF5 /* Resources */,
				4AD6C3FE47F45B47FAFE208F /* [CP] Embed Pods Frameworks */,
				319609F6FC788556D369912F /* [CP] Copy Pods Resources */,
			);
			buildRules = (
			);
			dependencies = (
				562413851EE3E08400CE4FF5 /* PBXTargetDependency */,
			);
			name = FlickrSearchUITests;
			productName = FlickrSearchUITests;
			productReference = 562413831EE3E08400CE4FF5 /* FlickrSearchUITests.xctest */;
			productType = "com.apple.product-type.bundle.ui-testing";
		};
/* End PBXNativeTarget section */

/* Begin PBXProject section */
		5624135C1EE3E08400CE4FF5 /* Project object */ = {
			isa = PBXProject;
			attributes = {
				LastSwiftUpdateCheck = 0830;
				LastUpgradeCheck = 0830;
				ORGANIZATIONNAME = "Suhit Patil";
				TargetAttributes = {
					562413631EE3E08400CE4FF5 = {
						CreatedOnToolsVersion = 8.3.2;
						ProvisioningStyle = Automatic;
					};
					562413771EE3E08400CE4FF5 = {
						CreatedOnToolsVersion = 8.3.2;
						ProvisioningStyle = Automatic;
						TestTargetID = 562413631EE3E08400CE4FF5;
					};
					562413821EE3E08400CE4FF5 = {
						CreatedOnToolsVersion = 8.3.2;
						ProvisioningStyle = Automatic;
						TestTargetID = 562413631EE3E08400CE4FF5;
					};
				};
			};
			buildConfigurationList = 5624135F1EE3E08400CE4FF5 /* Build configuration list for PBXProject "FlickrSearch" */;
			compatibilityVersion = "Xcode 3.2";
			developmentRegion = English;
			hasScannedForEncodings = 0;
			knownRegions = (
				en,
				Base,
			);
			mainGroup = 5624135B1EE3E08400CE4FF5;
			productRefGroup = 562413651EE3E08400CE4FF5 /* Products */;
			projectDirPath = "";
			projectRoot = "";
			targets = (
				562413631EE3E08400CE4FF5 /* FlickrSearch */,
				562413771EE3E08400CE4FF5 /* FlickrSearchTests */,
				562413821EE3E08400CE4FF5 /* FlickrSearchUITests */,
			);
		};
/* End PBXProject section */

/* Begin PBXResourcesBuildPhase section */
		562413621EE3E08400CE4FF5 /* Resources */ = {
			isa = PBXResourcesBuildPhase;
			buildActionMask = 2147483647;
			files = (
				562413721EE3E08400CE4FF5 /* LaunchScreen.storyboard in Resources */,
				5624136F1EE3E08400CE4FF5 /* Assets.xcassets in Resources */,
				5624136D1EE3E08400CE4FF5 /* Main.storyboard in Resources */,
			);
			runOnlyForDeploymentPostprocessing = 0;
		};
		562413761EE3E08400CE4FF5 /* Resources */ = {
			isa = PBXResourcesBuildPhase;
			buildActionMask = 2147483647;
			files = (
			);
			runOnlyForDeploymentPostprocessing = 0;
		};
		562413811EE3E08400CE4FF5 /* Resources */ = {
			isa = PBXResourcesBuildPhase;
			buildActionMask = 2147483647;
			files = (
			);
			runOnlyForDeploymentPostprocessing = 0;
		};
/* End PBXResourcesBuildPhase section */

/* Begin PBXShellScriptBuildPhase section */
		319609F6FC788556D369912F /* [CP] Copy Pods Resources */ = {
			isa = PBXShellScriptBuildPhase;
			buildActionMask = 2147483647;
			files = (
			);
			inputPaths = (
			);
			name = "[CP] Copy Pods Resources";
			outputPaths = (
			);
			runOnlyForDeploymentPostprocessing = 0;
			shellPath = /bin/sh;
			shellScript = "\"${SRCROOT}/Pods/Target Support Files/Pods-FlickrSearchUITests/Pods-FlickrSearchUITests-resources.sh\"\n";
			showEnvVarsInLog = 0;
		};
		3F4F1288354F65CFDDFC283B /* [CP] Check Pods Manifest.lock */ = {
			isa = PBXShellScriptBuildPhase;
			buildActionMask = 2147483647;
			files = (
			);
			inputPaths = (
			);
			name = "[CP] Check Pods Manifest.lock";
			outputPaths = (
			);
			runOnlyForDeploymentPostprocessing = 0;
			shellPath = /bin/sh;
			shellScript = "diff \"${PODS_PODFILE_DIR_PATH}/Podfile.lock\" \"${PODS_ROOT}/Manifest.lock\" > /dev/null\nif [ $? != 0 ] ; then\n    # print error to STDERR\n    echo \"error: The sandbox is not in sync with the Podfile.lock. Run 'pod install' or update your CocoaPods installation.\" >&2\n    exit 1\nfi\n";
			showEnvVarsInLog = 0;
		};
		4AD6C3FE47F45B47FAFE208F /* [CP] Embed Pods Frameworks */ = {
			isa = PBXShellScriptBuildPhase;
			buildActionMask = 2147483647;
			files = (
			);
			inputPaths = (
			);
			name = "[CP] Embed Pods Frameworks";
			outputPaths = (
			);
			runOnlyForDeploymentPostprocessing = 0;
			shellPath = /bin/sh;
			shellScript = "\"${SRCROOT}/Pods/Target Support Files/Pods-FlickrSearchUITests/Pods-FlickrSearchUITests-frameworks.sh\"\n";
			showEnvVarsInLog = 0;
		};
		654C1484E69ABE7DE4ACBE06 /* [CP] Check Pods Manifest.lock */ = {
			isa = PBXShellScriptBuildPhase;
			buildActionMask = 2147483647;
			files = (
			);
			inputPaths = (
			);
			name = "[CP] Check Pods Manifest.lock";
			outputPaths = (
			);
			runOnlyForDeploymentPostprocessing = 0;
			shellPath = /bin/sh;
			shellScript = "diff \"${PODS_PODFILE_DIR_PATH}/Podfile.lock\" \"${PODS_ROOT}/Manifest.lock\" > /dev/null\nif [ $? != 0 ] ; then\n    # print error to STDERR\n    echo \"error: The sandbox is not in sync with the Podfile.lock. Run 'pod install' or update your CocoaPods installation.\" >&2\n    exit 1\nfi\n";
			showEnvVarsInLog = 0;
		};
		66426148BEDF3419D534466C /* [CP] Copy Pods Resources */ = {
			isa = PBXShellScriptBuildPhase;
			buildActionMask = 2147483647;
			files = (
			);
			inputPaths = (
			);
			name = "[CP] Copy Pods Resources";
			outputPaths = (
			);
			runOnlyForDeploymentPostprocessing = 0;
			shellPath = /bin/sh;
			shellScript = "\"${SRCROOT}/Pods/Target Support Files/Pods-FlickrSearch/Pods-FlickrSearch-resources.sh\"\n";
			showEnvVarsInLog = 0;
		};
		713483BA7403B679D49AA1AA /* [CP] Embed Pods Frameworks */ = {
			isa = PBXShellScriptBuildPhase;
			buildActionMask = 2147483647;
			files = (
			);
			inputPaths = (
			);
			name = "[CP] Embed Pods Frameworks";
			outputPaths = (
			);
			runOnlyForDeploymentPostprocessing = 0;
			shellPath = /bin/sh;
			shellScript = "\"${SRCROOT}/Pods/Target Support Files/Pods-FlickrSearch/Pods-FlickrSearch-frameworks.sh\"\n";
			showEnvVarsInLog = 0;
		};
		A3A2CB6B5DFC7434EDD67E16 /* [CP] Copy Pods Resources */ = {
			isa = PBXShellScriptBuildPhase;
			buildActionMask = 2147483647;
			files = (
			);
			inputPaths = (
			);
			name = "[CP] Copy Pods Resources";
			outputPaths = (
			);
			runOnlyForDeploymentPostprocessing = 0;
			shellPath = /bin/sh;
			shellScript = "\"${SRCROOT}/Pods/Target Support Files/Pods-FlickrSearchTests/Pods-FlickrSearchTests-resources.sh\"\n";
			showEnvVarsInLog = 0;
		};
		CA812BAC7ABEA74659D0FC60 /* [CP] Embed Pods Frameworks */ = {
			isa = PBXShellScriptBuildPhase;
			buildActionMask = 2147483647;
			files = (
			);
			inputPaths = (
			);
			name = "[CP] Embed Pods Frameworks";
			outputPaths = (
			);
			runOnlyForDeploymentPostprocessing = 0;
			shellPath = /bin/sh;
			shellScript = "\"${SRCROOT}/Pods/Target Support Files/Pods-FlickrSearchTests/Pods-FlickrSearchTests-frameworks.sh\"\n";
			showEnvVarsInLog = 0;
		};
		CB77E86AB087A59D8AC8CB3F /* [CP] Check Pods Manifest.lock */ = {
			isa = PBXShellScriptBuildPhase;
			buildActionMask = 2147483647;
			files = (
			);
			inputPaths = (
			);
			name = "[CP] Check Pods Manifest.lock";
			outputPaths = (
			);
			runOnlyForDeploymentPostprocessing = 0;
			shellPath = /bin/sh;
			shellScript = "diff \"${PODS_PODFILE_DIR_PATH}/Podfile.lock\" \"${PODS_ROOT}/Manifest.lock\" > /dev/null\nif [ $? != 0 ] ; then\n    # print error to STDERR\n    echo \"error: The sandbox is not in sync with the Podfile.lock. Run 'pod install' or update your CocoaPods installation.\" >&2\n    exit 1\nfi\n";
			showEnvVarsInLog = 0;
		};
/* End PBXShellScriptBuildPhase section */

/* Begin PBXSourcesBuildPhase section */
		562413601EE3E08400CE4FF5 /* Sources */ = {
			isa = PBXSourcesBuildPhase;
			buildActionMask = 2147483647;
			files = (
				564F91D91EE91D1E007C3A7B /* CustomFooterView.swift in Sources */,
				5624139D1EE3E2A700CE4FF5 /* FlickrSearchViewController.swift in Sources */,
				562413AD1EE3F3AE00CE4FF5 /* FlickrSearchPresentation.swift in Sources */,
				564F91E11EE9523F007C3A7B /* UIImage+Extension.swift in Sources */,
				562413A81EE3E3F900CE4FF5 /* FlickrSearchRouter.swift in Sources */,
				562413B81EE4019000CE4FF5 /* Networking.swift in Sources */,
				5640250C1EE8829800938CFE /* SearchResultsBuilder.swift in Sources */,
				564F91DE1EE9440C007C3A7B /* Constants.swift in Sources */,
				562413AB1EE3E4D100CE4FF5 /* FlickrSearchBuilder.swift in Sources */,
				562413BA1EE401D700CE4FF5 /* FlickSearchAPI.swift in Sources */,
				562413681EE3E08400CE4FF5 /* AppDelegate.swift in Sources */,
				562413B31EE3F4AD00CE4FF5 /* FlickrSearchWireframe.swift in Sources */,
				564025141EE8833900938CFE /* SearchResultsViewController.swift in Sources */,
				562413B11EE3F47000CE4FF5 /* FlickrSearchInteractorOutput.swift in Sources */,
				564025121EE8830300938CFE /* SearchResultsPresenter.swift in Sources */,
				5640250E1EE882C100938CFE /* SearchResultsRouter.swift in Sources */,
				562413AF1EE3F43000CE4FF5 /* FlickrSearchView.swift in Sources */,
				562413B51EE3F98400CE4FF5 /* RootRouter.swift in Sources */,
				56A1BD8F1EE4815F003FE54C /* FlickrPhoto.swift in Sources */,
				562413A41EE3E39700CE4FF5 /* FlickrSearchPresenter.swift in Sources */,
				564025101EE882E400938CFE /* SearchResultsInteractor.swift in Sources */,
				564F91DC1EE943AB007C3A7B /* UGDefaults.swift in Sources */,
				562413A61EE3E3DB00CE4FF5 /* FlickrSearchInteractor.swift in Sources */,
				56A1BD951EE58957003FE54C /* FlickrImageCell.swift in Sources */,
			);
			runOnlyForDeploymentPostprocessing = 0;
		};
		562413741EE3E08400CE4FF5 /* Sources */ = {
			isa = PBXSourcesBuildPhase;
			buildActionMask = 2147483647;
			files = (
				5624137D1EE3E08400CE4FF5 /* FlickrSearchTests.swift in Sources */,
			);
			runOnlyForDeploymentPostprocessing = 0;
		};
		5624137F1EE3E08400CE4FF5 /* Sources */ = {
			isa = PBXSourcesBuildPhase;
			buildActionMask = 2147483647;
			files = (
				562413881EE3E08400CE4FF5 /* FlickrSearchUITests.swift in Sources */,
			);
			runOnlyForDeploymentPostprocessing = 0;
		};
/* End PBXSourcesBuildPhase section */

/* Begin PBXTargetDependency section */
		5624137A1EE3E08400CE4FF5 /* PBXTargetDependency */ = {
			isa = PBXTargetDependency;
			target = 562413631EE3E08400CE4FF5 /* FlickrSearch */;
			targetProxy = 562413791EE3E08400CE4FF5 /* PBXContainerItemProxy */;
		};
		562413851EE3E08400CE4FF5 /* PBXTargetDependency */ = {
			isa = PBXTargetDependency;
			target = 562413631EE3E08400CE4FF5 /* FlickrSearch */;
			targetProxy = 562413841EE3E08400CE4FF5 /* PBXContainerItemProxy */;
		};
/* End PBXTargetDependency section */

/* Begin PBXVariantGroup section */
		5624136B1EE3E08400CE4FF5 /* Main.storyboard */ = {
			isa = PBXVariantGroup;
			children = (
				5624136C1EE3E08400CE4FF5 /* Base */,
			);
			name = Main.storyboard;
			sourceTree = "<group>";
		};
		562413701EE3E08400CE4FF5 /* LaunchScreen.storyboard */ = {
			isa = PBXVariantGroup;
			children = (
				562413711EE3E08400CE4FF5 /* Base */,
			);
			name = LaunchScreen.storyboard;
			sourceTree = "<group>";
		};
/* End PBXVariantGroup section */

/* Begin XCBuildConfiguration section */
		5624138A1EE3E08400CE4FF5 /* Debug */ = {
			isa = XCBuildConfiguration;
			buildSettings = {
				ALWAYS_SEARCH_USER_PATHS = NO;
				CLANG_ANALYZER_NONNULL = YES;
				CLANG_ANALYZER_NUMBER_OBJECT_CONVERSION = YES_AGGRESSIVE;
				CLANG_CXX_LANGUAGE_STANDARD = "gnu++0x";
				CLANG_CXX_LIBRARY = "libc++";
				CLANG_ENABLE_MODULES = YES;
				CLANG_ENABLE_OBJC_ARC = YES;
				CLANG_WARN_BOOL_CONVERSION = YES;
				CLANG_WARN_CONSTANT_CONVERSION = YES;
				CLANG_WARN_DIRECT_OBJC_ISA_USAGE = YES_ERROR;
				CLANG_WARN_DOCUMENTATION_COMMENTS = YES;
				CLANG_WARN_EMPTY_BODY = YES;
				CLANG_WARN_ENUM_CONVERSION = YES;
				CLANG_WARN_INFINITE_RECURSION = YES;
				CLANG_WARN_INT_CONVERSION = YES;
				CLANG_WARN_OBJC_ROOT_CLASS = YES_ERROR;
				CLANG_WARN_SUSPICIOUS_MOVE = YES;
				CLANG_WARN_UNREACHABLE_CODE = YES;
				CLANG_WARN__DUPLICATE_METHOD_MATCH = YES;
				"CODE_SIGN_IDENTITY[sdk=iphoneos*]" = "iPhone Developer";
				COPY_PHASE_STRIP = NO;
				DEBUG_INFORMATION_FORMAT = dwarf;
				ENABLE_STRICT_OBJC_MSGSEND = YES;
				ENABLE_TESTABILITY = YES;
				GCC_C_LANGUAGE_STANDARD = gnu99;
				GCC_DYNAMIC_NO_PIC = NO;
				GCC_NO_COMMON_BLOCKS = YES;
				GCC_OPTIMIZATION_LEVEL = 0;
				GCC_PREPROCESSOR_DEFINITIONS = (
					"DEBUG=1",
					"$(inherited)",
				);
				GCC_WARN_64_TO_32_BIT_CONVERSION = YES;
				GCC_WARN_ABOUT_RETURN_TYPE = YES_ERROR;
				GCC_WARN_UNDECLARED_SELECTOR = YES;
				GCC_WARN_UNINITIALIZED_AUTOS = YES_AGGRESSIVE;
				GCC_WARN_UNUSED_FUNCTION = YES;
				GCC_WARN_UNUSED_VARIABLE = YES;
				IPHONEOS_DEPLOYMENT_TARGET = 9.0;
				MTL_ENABLE_DEBUG_INFO = YES;
				ONLY_ACTIVE_ARCH = YES;
				SDKROOT = iphoneos;
				SWIFT_ACTIVE_COMPILATION_CONDITIONS = DEBUG;
				SWIFT_OPTIMIZATION_LEVEL = "-Onone";
			};
			name = Debug;
		};
		5624138B1EE3E08400CE4FF5 /* Release */ = {
			isa = XCBuildConfiguration;
			buildSettings = {
				ALWAYS_SEARCH_USER_PATHS = NO;
				CLANG_ANALYZER_NONNULL = YES;
				CLANG_ANALYZER_NUMBER_OBJECT_CONVERSION = YES_AGGRESSIVE;
				CLANG_CXX_LANGUAGE_STANDARD = "gnu++0x";
				CLANG_CXX_LIBRARY = "libc++";
				CLANG_ENABLE_MODULES = YES;
				CLANG_ENABLE_OBJC_ARC = YES;
				CLANG_WARN_BOOL_CONVERSION = YES;
				CLANG_WARN_CONSTANT_CONVERSION = YES;
				CLANG_WARN_DIRECT_OBJC_ISA_USAGE = YES_ERROR;
				CLANG_WARN_DOCUMENTATION_COMMENTS = YES;
				CLANG_WARN_EMPTY_BODY = YES;
				CLANG_WARN_ENUM_CONVERSION = YES;
				CLANG_WARN_INFINITE_RECURSION = YES;
				CLANG_WARN_INT_CONVERSION = YES;
				CLANG_WARN_OBJC_ROOT_CLASS = YES_ERROR;
				CLANG_WARN_SUSPICIOUS_MOVE = YES;
				CLANG_WARN_UNREACHABLE_CODE = YES;
				CLANG_WARN__DUPLICATE_METHOD_MATCH = YES;
				"CODE_SIGN_IDENTITY[sdk=iphoneos*]" = "iPhone Developer";
				COPY_PHASE_STRIP = NO;
				DEBUG_INFORMATION_FORMAT = "dwarf-with-dsym";
				ENABLE_NS_ASSERTIONS = NO;
				ENABLE_STRICT_OBJC_MSGSEND = YES;
				GCC_C_LANGUAGE_STANDARD = gnu99;
				GCC_NO_COMMON_BLOCKS = YES;
				GCC_WARN_64_TO_32_BIT_CONVERSION = YES;
				GCC_WARN_ABOUT_RETURN_TYPE = YES_ERROR;
				GCC_WARN_UNDECLARED_SELECTOR = YES;
				GCC_WARN_UNINITIALIZED_AUTOS = YES_AGGRESSIVE;
				GCC_WARN_UNUSED_FUNCTION = YES;
				GCC_WARN_UNUSED_VARIABLE = YES;
				IPHONEOS_DEPLOYMENT_TARGET = 9.0;
				MTL_ENABLE_DEBUG_INFO = NO;
				SDKROOT = iphoneos;
				SWIFT_OPTIMIZATION_LEVEL = "-Owholemodule";
				VALIDATE_PRODUCT = YES;
			};
			name = Release;
		};
		5624138D1EE3E08400CE4FF5 /* Debug */ = {
			isa = XCBuildConfiguration;
			baseConfigurationReference = 785E61647E3A5ACF2E2A0DB3 /* Pods-FlickrSearch.debug.xcconfig */;
			buildSettings = {
				ASSETCATALOG_COMPILER_APPICON_NAME = AppIcon;
				"CODE_SIGN_IDENTITY[sdk=iphoneos*]" = "iPhone Developer";
				DEVELOPMENT_TEAM = "";
				INFOPLIST_FILE = FlickrSearch/Info.plist;
				IPHONEOS_DEPLOYMENT_TARGET = 9.0;
				LD_RUNPATH_SEARCH_PATHS = "$(inherited) @executable_path/Frameworks";
				PRODUCT_BUNDLE_IDENTIFIER = com.suhit.ios.FlickrSearch;
				PRODUCT_NAME = "$(TARGET_NAME)";
				PROVISIONING_PROFILE_SPECIFIER = "";
				SWIFT_VERSION = 3.0;
			};
			name = Debug;
		};
		5624138E1EE3E08400CE4FF5 /* Release */ = {
			isa = XCBuildConfiguration;
			baseConfigurationReference = A2F03AC224FCA0638A3D7B6C /* Pods-FlickrSearch.release.xcconfig */;
			buildSettings = {
				ASSETCATALOG_COMPILER_APPICON_NAME = AppIcon;
				"CODE_SIGN_IDENTITY[sdk=iphoneos*]" = "iPhone Developer";
				DEVELOPMENT_TEAM = "";
				INFOPLIST_FILE = FlickrSearch/Info.plist;
				IPHONEOS_DEPLOYMENT_TARGET = 9.0;
				LD_RUNPATH_SEARCH_PATHS = "$(inherited) @executable_path/Frameworks";
				PRODUCT_BUNDLE_IDENTIFIER = com.suhit.ios.FlickrSearch;
				PRODUCT_NAME = "$(TARGET_NAME)";
				PROVISIONING_PROFILE_SPECIFIER = "";
				SWIFT_VERSION = 3.0;
			};
			name = Release;
		};
		562413901EE3E08400CE4FF5 /* Debug */ = {
			isa = XCBuildConfiguration;
			baseConfigurationReference = 398468F8F332F1B077711C35 /* Pods-FlickrSearchTests.debug.xcconfig */;
			buildSettings = {
				ALWAYS_EMBED_SWIFT_STANDARD_LIBRARIES = YES;
				BUNDLE_LOADER = "$(TEST_HOST)";
				INFOPLIST_FILE = FlickrSearchTests/Info.plist;
				LD_RUNPATH_SEARCH_PATHS = "$(inherited) @executable_path/Frameworks @loader_path/Frameworks";
				PRODUCT_BUNDLE_IDENTIFIER = com.suhit.ios.FlickrSearchTests;
				PRODUCT_NAME = "$(TARGET_NAME)";
				SWIFT_VERSION = 3.0;
				TEST_HOST = "$(BUILT_PRODUCTS_DIR)/FlickrSearch.app/FlickrSearch";
			};
			name = Debug;
		};
		562413911EE3E08400CE4FF5 /* Release */ = {
			isa = XCBuildConfiguration;
			baseConfigurationReference = FEB805C72C29FE6B10B4EEBC /* Pods-FlickrSearchTests.release.xcconfig */;
			buildSettings = {
				ALWAYS_EMBED_SWIFT_STANDARD_LIBRARIES = YES;
				BUNDLE_LOADER = "$(TEST_HOST)";
				INFOPLIST_FILE = FlickrSearchTests/Info.plist;
				LD_RUNPATH_SEARCH_PATHS = "$(inherited) @executable_path/Frameworks @loader_path/Frameworks";
				PRODUCT_BUNDLE_IDENTIFIER = com.suhit.ios.FlickrSearchTests;
				PRODUCT_NAME = "$(TARGET_NAME)";
				SWIFT_VERSION = 3.0;
				TEST_HOST = "$(BUILT_PRODUCTS_DIR)/FlickrSearch.app/FlickrSearch";
			};
			name = Release;
		};
		562413931EE3E08400CE4FF5 /* Debug */ = {
			isa = XCBuildConfiguration;
			baseConfigurationReference = 2F826A27F56A2AB03149EECC /* Pods-FlickrSearchUITests.debug.xcconfig */;
			buildSettings = {
				ALWAYS_EMBED_SWIFT_STANDARD_LIBRARIES = YES;
				INFOPLIST_FILE = FlickrSearchUITests/Info.plist;
				LD_RUNPATH_SEARCH_PATHS = "$(inherited) @executable_path/Frameworks @loader_path/Frameworks";
				PRODUCT_BUNDLE_IDENTIFIER = com.suhit.ios.FlickrSearchUITests;
				PRODUCT_NAME = "$(TARGET_NAME)";
				SWIFT_VERSION = 3.0;
				TEST_TARGET_NAME = FlickrSearch;
			};
			name = Debug;
		};
		562413941EE3E08400CE4FF5 /* Release */ = {
			isa = XCBuildConfiguration;
			baseConfigurationReference = 9EAE4D9E77B9DCBEF1BB9737 /* Pods-FlickrSearchUITests.release.xcconfig */;
			buildSettings = {
				ALWAYS_EMBED_SWIFT_STANDARD_LIBRARIES = YES;
				INFOPLIST_FILE = FlickrSearchUITests/Info.plist;
				LD_RUNPATH_SEARCH_PATHS = "$(inherited) @executable_path/Frameworks @loader_path/Frameworks";
				PRODUCT_BUNDLE_IDENTIFIER = com.suhit.ios.FlickrSearchUITests;
				PRODUCT_NAME = "$(TARGET_NAME)";
				SWIFT_VERSION = 3.0;
				TEST_TARGET_NAME = FlickrSearch;
			};
			name = Release;
		};
/* End XCBuildConfiguration section */

/* Begin XCConfigurationList section */
		5624135F1EE3E08400CE4FF5 /* Build configuration list for PBXProject "FlickrSearch" */ = {
			isa = XCConfigurationList;
			buildConfigurations = (
				5624138A1EE3E08400CE4FF5 /* Debug */,
				5624138B1EE3E08400CE4FF5 /* Release */,
			);
			defaultConfigurationIsVisible = 0;
			defaultConfigurationName = Release;
		};
		5624138C1EE3E08400CE4FF5 /* Build configuration list for PBXNativeTarget "FlickrSearch" */ = {
			isa = XCConfigurationList;
			buildConfigurations = (
				5624138D1EE3E08400CE4FF5 /* Debug */,
				5624138E1EE3E08400CE4FF5 /* Release */,
			);
			defaultConfigurationIsVisible = 0;
			defaultConfigurationName = Release;
		};
		5624138F1EE3E08400CE4FF5 /* Build configuration list for PBXNativeTarget "FlickrSearchTests" */ = {
			isa = XCConfigurationList;
			buildConfigurations = (
				562413901EE3E08400CE4FF5 /* Debug */,
				562413911EE3E08400CE4FF5 /* Release */,
			);
			defaultConfigurationIsVisible = 0;
			defaultConfigurationName = Release;
		};
		562413921EE3E08400CE4FF5 /* Build configuration list for PBXNativeTarget "FlickrSearchUITests" */ = {
			isa = XCConfigurationList;
			buildConfigurations = (
				562413931EE3E08400CE4FF5 /* Debug */,
				562413941EE3E08400CE4FF5 /* Release */,
			);
			defaultConfigurationIsVisible = 0;
			defaultConfigurationName = Release;
		};
/* End XCConfigurationList section */
	};
	rootObject = 5624135C1EE3E08400CE4FF5 /* Project object */;
}
